
Microsoft Visual Studio Solution File, Format Version 12.00
# Visual Studio 2013
VisualStudioVersion = 12.0.30723.0
MinimumVisualStudioVersion = 10.0.40219.1
Project("{FAE04EC0-301F-11D3-BF4B-00C04F79EFBC}") = "TradeRiserAPI", "TradeRiserAPI\TradeRiserAPI.csproj", "{C540BE14-27A6-400A-B7E2-7190FF0B44DB}"
EndProject
Project("{FAE04EC0-301F-11D3-BF4B-00C04F79EFBC}") = "TradeRiserAPI.Tests", "TradeRiserAPI.Tests\TradeRiserAPI.Tests.csproj", "{C0AB7664-E8FD-4573-9DC1-96FF0F916240}"
EndProject
Global
	GlobalSection(SolutionConfigurationPlatforms) = preSolution
		Debug|Any CPU = Debug|Any CPU
		Release|Any CPU = Release|Any CPU
	EndGlobalSection
	GlobalSection(ProjectConfigurationPlatforms) = postSolution
		{C540BE14-27A6-400A-B7E2-7190FF0B44DB}.Debug|Any CPU.ActiveCfg = Debug|Any CPU
		{C540BE14-27A6-400A-B7E2-7190FF0B44DB}.Debug|Any CPU.Build.0 = Debug|Any CPU
		{C540BE14-27A6-400A-B7E2-7190FF0B44DB}.Release|Any CPU.ActiveCfg = Release|Any CPU
		{C540BE14-27A6-400A-B7E2-7190FF0B44DB}.Release|Any CPU.Build.0 = Release|Any CPU
		{C0AB7664-E8FD-4573-9DC1-96FF0F916240}.Debug|Any CPU.ActiveCfg = Debug|Any CPU
		{C0AB7664-E8FD-4573-9DC1-96FF0F916240}.Debug|Any CPU.Build.0 = Debug|Any CPU
		{C0AB7664-E8FD-4573-9DC1-96FF0F916240}.Release|Any CPU.ActiveCfg = Release|Any CPU
		{C0AB7664-E8FD-4573-9DC1-96FF0F916240}.Release|Any CPU.Build.0 = Release|Any CPU
	EndGlobalSection
	GlobalSection(SolutionProperties) = preSolution
		HideSolutionNode = FALSE
	EndGlobalSection
EndGlobal
